{
  "object": {
    "pins": [
      {
        "package": "SwURL",
        "repositoryURL": "https://github.com/cmtrounce/SwURL",
        "state": {
          "branch": null,
          "revision": "f9ae7d6e3ff18ea80689da1de4b66461ed8dbc41",
          "version": "0.2.3"
        }
      }
    ]
  },
  "version": 1
}
